// !$*UTF8*$!
{
	archiveVersion = 1;
	classes = {
	};
	objectVersion = 48;
	objects = {

/* Begin PBXBuildFile section */
		5CB47FAB20AD7BFF0053CB6E /* AppDelegate.swift in Sources */ = {isa = PBXBuildFile; fileRef = 5CB47FAA20AD7BFF0053CB6E /* AppDelegate.swift */; };
		5CB47FAD20AD7BFF0053CB6E /* ViewController.swift in Sources */ = {isa = PBXBuildFile; fileRef = 5CB47FAC20AD7BFF0053CB6E /* ViewController.swift */; };
		5CB47FB020AD7BFF0053CB6E /* Main.storyboard in Resources */ = {isa = PBXBuildFile; fileRef = 5CB47FAE20AD7BFF0053CB6E /* Main.storyboard */; };
		5CB47FB220AD7BFF0053CB6E /* Assets.xcassets in Resources */ = {isa = PBXBuildFile; fileRef = 5CB47FB120AD7BFF0053CB6E /* Assets.xcassets */; };
		5CB47FB520AD7BFF0053CB6E /* LaunchScreen.storyboard in Resources */ = {isa = PBXBuildFile; fileRef = 5CB47FB320AD7BFF0053CB6E /* LaunchScreen.storyboard */; };
		5CB47FBD20AD7C790053CB6E /* TableViewController.swift in Sources */ = {isa = PBXBuildFile; fileRef = 5CB47FBC20AD7C790053CB6E /* TableViewController.swift */; };
/* End PBXBuildFile section */

/* Begin PBXFileReference section */
		5CB47FA720AD7BFF0053CB6E /* 5TranferingData.app */ = {isa = PBXFileReference; explicitFileType = wrapper.application; includeInIndex = 0; path = 5TranferingData.app; sourceTree = BUILT_PRODUCTS_DIR; };
		5CB47FAA20AD7BFF0053CB6E /* AppDelegate.swift */ = {isa = PBXFileReference; lastKnownFileType = sourcecode.swift; path = AppDelegate.swift; sourceTree = "<group>"; };
		5CB47FAC20AD7BFF0053CB6E /* ViewController.swift */ = {isa = PBXFileReference; lastKnownFileType = sourcecode.swift; path = ViewController.swift; sourceTree = "<group>"; };
		5CB47FAF20AD7BFF0053CB6E /* Base */ = {isa = PBXFileReference; lastKnownFileType = file.storyboard; name = Base; path = Base.lproj/Main.storyboard; sourceTree = "<group>"; };
		5CB47FB120AD7BFF0053CB6E /* Assets.xcassets */ = {isa = PBXFileReference; lastKnownFileType = folder.assetcatalog; path = Assets.xcassets; sourceTree = "<group>"; };
		5CB47FB420AD7BFF0053CB6E /* Base */ = {isa = PBXFileReference; lastKnownFileType = file.storyboard; name = Base; path = Base.lproj/LaunchScreen.storyboard; sourceTree = "<group>"; };
		5CB47FB620AD7BFF0053CB6E /* Info.plist */ = {isa = PBXFileReference; lastKnownFileType = text.plist.xml; path = Info.plist; sourceTree = "<group>"; };
		5CB47FBC20AD7C790053CB6E /* TableViewController.swift */ = {isa = PBXFileReference; lastKnownFileType = sourcecode.swift; path = TableViewController.swift; sourceTree = "<group>"; };
/* End PBXFileReference section */

/* Begin PBXFrameworksBuildPhase section */
		5CB47FA420AD7BFF0053CB6E /* Frameworks */ = {
			isa = PBXFrameworksBuildPhase;
			buildActionMask = 2147483647;
			files = (
			);
			runOnlyForDeploymentPostprocessing = 0;
		};
/* End PBXFrameworksBuildPhase section */

/* Begin PBXGroup section */
		5CB47F9E20AD7BFF0053CB6E = {
			isa = PBXGroup;
			children = (
				5CB47FA920AD7BFF0053CB6E /* 5TranferingData */,
				5CB47FA820AD7BFF0053CB6E /* Products */,
			);
			sourceTree = "<group>";
		};
		5CB47FA820AD7BFF0053CB6E /* Products */ = {
			isa = PBXGroup;
			children = (
				5CB47FA720AD7BFF0053CB6E /* 5TranferingData.app */,
			);
			name = Products;
			sourceTree = "<group>";
		};
		5CB47FA920AD7BFF0053CB6E /* 5TranferingData */ = {
			isa = PBXGroup;
			children = (
				5CB47FAA20AD7BFF0053CB6E /* AppDelegate.swift */,
				5CB47FAC20AD7BFF0053CB6E /* ViewController.swift */,
				5CB47FAE20AD7BFF0053CB6E /* Main.storyboard */,
				5CB47FB120AD7BFF0053CB6E /* Assets.xcassets */,
				5CB47FB320AD7BFF0053CB6E /* LaunchScreen.storyboard */,
				5CB47FB620AD7BFF0053CB6E /* Info.plist */,
				5CB47FBC20AD7C790053CB6E /* TableViewController.swift */,
			);
			path = 5TranferingData;
			sourceTree = "<group>";
		};
/* End PBXGroup section */

/* Begin PBXNativeTarget section */
		5CB47FA620AD7BFF0053CB6E /* 5TranferingData */ = {
			isa = PBXNativeTarget;
			buildConfigurationList = 5CB47FB920AD7BFF0053CB6E /* Build configuration list for PBXNativeTarget "5TranferingData" */;
			buildPhases = (
				5CB47FA320AD7BFF0053CB6E /* Sources */,
				5CB47FA420AD7BFF0053CB6E /* Frameworks */,
				5CB47FA520AD7BFF0053CB6E /* Resources */,
			);
			buildRules = (
			);
			dependencies = (
			);
			name = 5TranferingData;
			productName = 5TranferingData;
			productReference = 5CB47FA720AD7BFF0053CB6E /* 5TranferingData.app */;
			productType = "com.apple.product-type.application";
		};
/* End PBXNativeTarget section */

/* Begin PBXProject section */
		5CB47F9F20AD7BFF0053CB6E /* Project object */ = {
			isa = PBXProject;
			attributes = {
				LastSwiftUpdateCheck = 0920;
				LastUpgradeCheck = 0920;
				ORGANIZATIONNAME = DungB96;
				TargetAttributes = {
					5CB47FA620AD7BFF0053CB6E = {
						CreatedOnToolsVersion = 9.2;
						ProvisioningStyle = Automatic;
					};
				};
			};
			buildConfigurationList = 5CB47FA220AD7BFF0053CB6E /* Build configuration list for PBXProject "5TranferingData" */;
			compatibilityVersion = "Xcode 8.0";
			developmentRegion = en;
			hasScannedForEncodings = 0;
			knownRegions = (
				en,
				Base,
			);
			mainGroup = 5CB47F9E20AD7BFF0053CB6E;
			productRefGroup = 5CB47FA820AD7BFF0053CB6E /* Products */;
			projectDirPath = "";
			projectRoot = "";
			targets = (
				5CB47FA620AD7BFF0053CB6E /* 5TranferingData */,
			);
		};
/* End PBXProject section */

/* Begin PBXResourcesBuildPhase section */
		5CB47FA520AD7BFF0053CB6E /* Resources */ = {
			isa = PBXResourcesBuildPhase;
			buildActionMask = 2147483647;
			files = (
				5CB47FB520AD7BFF0053CB6E /* LaunchScreen.storyboard in Resources */,
				5CB47FB220AD7BFF0053CB6E /* Assets.xcassets in Resources */,
				5CB47FB020AD7BFF0053CB6E /* Main.storyboard in Resources */,
			);
			runOnlyForDeploymentPostprocessing = 0;
		};
/* End PBXResourcesBuildPhase section */

/* Begin PBXSourcesBuildPhase section */
		5CB47FA320AD7BFF0053CB6E /* Sources */ = {
			isa = PBXSourcesBuildPhase;
			buildActionMask = 2147483647;
			files = (
				5CB47FAD20AD7BFF0053CB6E /* ViewController.swift in Sources */,
				5CB47FBD20AD7C790053CB6E /* TableViewController.swift in Sources */,
				5CB47FAB20AD7BFF0053CB6E /* AppDelegate.swift in Sources */,
			);
			runOnlyForDeploymentPostprocessing = 0;
		};
/* End PBXSourcesBuildPhase section */

/* Begin PBXVariantGroup section */
		5CB47FAE20AD7BFF0053CB6E /* Main.storyboard */ = {
			isa = PBXVariantGroup;
			children = (
				5CB47FAF20AD7BFF0053CB6E /* Base */,
			);
			name = Main.storyboard;
			sourceTree = "<group>";
		};
		5CB47FB320AD7BFF0053CB6E /* LaunchScreen.storyboard */ = {
			isa = PBXVariantGroup;
			children = (
				5CB47FB420AD7BFF0053CB6E /* Base */,
			);
			name = LaunchScreen.storyboard;
			sourceTree = "<group>";
		};
/* End PBXVariantGroup section */

/* Begin XCBuildConfiguration section */
		5CB47FB720AD7BFF0053CB6E /* Debug */ = {
			isa = XCBuildConfiguration;
			buildSettings = {
				ALWAYS_SEARCH_USER_PATHS = NO;
				CLANG_ANALYZER_NONNULL = YES;
				CLANG_ANALYZER_NUMBER_OBJECT_CONVERSION = YES_AGGRESSIVE;
				CLANG_CXX_LANGUAGE_STANDARD = "gnu++14";
				CLANG_CXX_LIBRARY = "libc++";
				CLANG_ENABLE_MODULES = YES;
				CLANG_ENABLE_OBJC_ARC = YES;
				CLANG_WARN_BLOCK_CAPTURE_AUTORELEASING = YES;
				CLANG_WARN_BOOL_CONVERSION = YES;
				CLANG_WARN_COMMA = YES;
				CLANG_WARN_CONSTANT_CONVERSION = YES;
				CLANG_WARN_DIRECT_OBJC_ISA_USAGE = YES_ERROR;
				CLANG_WARN_DOCUMENTATION_COMMENTS = YES;
				CLANG_WARN_EMPTY_BODY = YES;
				CLANG_WARN_ENUM_CONVERSION = YES;
				CLANG_WARN_INFINITE_RECURSION = YES;
				CLANG_WARN_INT_CONVERSION = YES;
				CLANG_WARN_NON_LITERAL_NULL_CONVERSION = YES;
				CLANG_WARN_OBJC_LITERAL_CONVERSION = YES;
				CLANG_WARN_OBJC_ROOT_CLASS = YES_ERROR;
				CLANG_WARN_RANGE_LOOP_ANALYSIS = YES;
				CLANG_WARN_STRICT_PROTOTYPES = YES;
				CLANG_WARN_SUSPICIOUS_MOVE = YES;
				CLANG_WARN_UNGUARDED_AVAILABILITY = YES_AGGRESSIVE;
				CLANG_WARN_UNREACHABLE_CODE = YES;
				CLANG_WARN__DUPLICATE_METHOD_MATCH = YES;
				CODE_SIGN_IDENTITY = "iPhone Developer";
				COPY_PHASE_STRIP = NO;
				DEBUG_INFORMATION_FORMAT = dwarf;
				ENABLE_STRICT_OBJC_MSGSEND = YES;
				ENABLE_TESTABILITY = YES;
				GCC_C_LANGUAGE_STANDARD = gnu11;
				GCC_DYNAMIC_NO_PIC = NO;
				GCC_NO_COMMON_BLOCKS = YES;
				GCC_OPTIMIZATION_LEVEL = 0;
				GCC_PREPROCESSOR_DEFINITIONS = (
					"DEBUG=1",
					"$(inherited)",
				);
				GCC_WARN_64_TO_32_BIT_CONVERSION = YES;
				GCC_WARN_ABOUT_RETURN_TYPE = YES_ERROR;
				GCC_WARN_UNDECLARED_SELECTOR = YES;
				GCC_WARN_UNINITIALIZED_AUTOS = YES_AGGRESSIVE;
				GCC_WARN_UNUSED_FUNCTION = YES;
				GCC_WARN_UNUSED_VARIABLE = YES;
				IPHONEOS_DEPLOYMENT_TARGET = 11.2;
				MTL_ENABLE_DEBUG_INFO = YES;
				ONLY_ACTIVE_ARCH = YES;
				SDKROOT = iphoneos;
				SWIFT_ACTIVE_COMPILATION_CONDITIONS = DEBUG;
				SWIFT_OPTIMIZATION_LEVEL = "-Onone";
			};
			name = Debug;
		};
		5CB47FB820AD7BFF0053CB6E /* Release */ = {
			isa = XCBuildConfiguration;
			buildSettings = {
				ALWAYS_SEARCH_USER_PATHS = NO;
				CLANG_ANALYZER_NONNULL = YES;
				CLANG_ANALYZER_NUMBER_OBJECT_CONVERSION = YES_AGGRESSIVE;
				CLANG_CXX_LANGUAGE_STANDARD = "gnu++14";
				CLANG_CXX_LIBRARY = "libc++";
				CLANG_ENABLE_MODULES = YES;
				CLANG_ENABLE_OBJC_ARC = YES;
				CLANG_WARN_BLOCK_CAPTURE_AUTORELEASING = YES;
				CLANG_WARN_BOOL_CONVERSION = YES;
				CLANG_WARN_COMMA = YES;
				CLANG_WARN_CONSTANT_CONVERSION = YES;
				CLANG_WARN_DIRECT_OBJC_ISA_USAGE = YES_ERROR;
				CLANG_WARN_DOCUMENTATION_COMMENTS = YES;
				CLANG_WARN_EMPTY_BODY = YES;
				CLANG_WARN_ENUM_CONVERSION = YES;
				CLANG_WARN_INFINITE_RECURSION = YES;
				CLANG_WARN_INT_CONVERSION = YES;
				CLANG_WARN_NON_LITERAL_NULL_CONVERSION = YES;
				CLANG_WARN_OBJC_LITERAL_CONVERSION = YES;
				CLANG_WARN_OBJC_ROOT_CLASS = YES_ERROR;
				CLANG_WARN_RANGE_LOOP_ANALYSIS = YES;
				CLANG_WARN_STRICT_PROTOTYPES = YES;
				CLANG_WARN_SUSPICIOUS_MOVE = YES;
				CLANG_WARN_UNGUARDED_AVAILABILITY = YES_AGGRESSIVE;
				CLANG_WARN_UNREACHABLE_CODE = YES;
				CLANG_WARN__DUPLICATE_METHOD_MATCH = YES;
				CODE_SIGN_IDENTITY = "iPhone Developer";
				COPY_PHASE_STRIP = NO;
				DEBUG_INFORMATION_FORMAT = "dwarf-with-dsym";
				ENABLE_NS_ASSERTIONS = NO;
				ENABLE_STRICT_OBJC_MSGSEND = YES;
				GCC_C_LANGUAGE_STANDARD = gnu11;
				GCC_NO_COMMON_BLOCKS = YES;
				GCC_WARN_64_TO_32_BIT_CONVERSION = YES;
				GCC_WARN_ABOUT_RETURN_TYPE = YES_ERROR;
				GCC_WARN_UNDECLARED_SELECTOR = YES;
				GCC_WARN_UNINITIALIZED_AUTOS = YES_AGGRESSIVE;
				GCC_WARN_UNUSED_FUNCTION = YES;
				GCC_WARN_UNUSED_VARIABLE = YES;
				IPHONEOS_DEPLOYMENT_TARGET = 11.2;
				MTL_ENABLE_DEBUG_INFO = NO;
				SDKROOT = iphoneos;
				SWIFT_OPTIMIZATION_LEVEL = "-Owholemodule";
				VALIDATE_PRODUCT = YES;
			};
			name = Release;
		};
		5CB47FBA20AD7BFF0053CB6E /* Debug */ = {
			isa = XCBuildConfiguration;
			buildSettings = {
				ASSETCATALOG_COMPILER_APPICON_NAME = AppIcon;
				CODE_SIGN_STYLE = Automatic;
				INFOPLIST_FILE = 5TranferingData/Info.plist;
				LD_RUNPATH_SEARCH_PATHS = "$(inherited) @executable_path/Frameworks";
				PRODUCT_BUNDLE_IDENTIFIER = "dipper.-TranferingData";
				PRODUCT_NAME = "$(TARGET_NAME)";
				SWIFT_VERSION = 4.0;
				TARGETED_DEVICE_FAMILY = "1,2";
			};
			name = Debug;
		};
		5CB47FBB20AD7BFF0053CB6E /* Release */ = {
			isa = XCBuildConfiguration;
			buildSettings = {
				ASSETCATALOG_COMPILER_APPICON_NAME = AppIcon;
				CODE_SIGN_STYLE = Automatic;
				INFOPLIST_FILE = 5TranferingData/Info.plist;
				LD_RUNPATH_SEARCH_PATHS = "$(inherited) @executable_path/Frameworks";
				PRODUCT_BUNDLE_IDENTIFIER = "dipper.-TranferingData";
				PRODUCT_NAME = "$(TARGET_NAME)";
				SWIFT_VERSION = 4.0;
				TARGETED_DEVICE_FAMILY = "1,2";
			};
			name = Release;
		};
/* End XCBuildConfiguration section */

/* Begin XCConfigurationList section */
		5CB47FA220AD7BFF0053CB6E /* Build configuration list for PBXProject "5TranferingData" */ = {
			isa = XCConfigurationList;
			buildConfigurations = (
				5CB47FB720AD7BFF0053CB6E /* Debug */,
				5CB47FB820AD7BFF0053CB6E /* Release */,
			);
			defaultConfigurationIsVisible = 0;
			defaultConfigurationName = Release;
		};
		5CB47FB920AD7BFF0053CB6E /* Build configuration list for PBXNativeTarget "5TranferingData" */ = {
			isa = XCConfigurationList;
			buildConfigurations = (
				5CB47FBA20AD7BFF0053CB6E /* Debug */,
				5CB47FBB20AD7BFF0053CB6E /* Release */,
			);
			defaultConfigurationIsVisible = 0;
			defaultConfigurationName = Release;
		};
/* End XCConfigurationList section */
	};
	rootObject = 5CB47F9F20AD7BFF0053CB6E /* Project object */;
}
